lockfileVersion: 5.3

specifiers:
  prettier: ^2.3.1
  prettier-plugin-svelte: ^2.3.0
  svelte: ^3.38.2

dependencies:
  prettier: 2.3.1
  prettier-plugin-svelte: 2.3.0_prettier@2.3.1+svelte@3.38.2
  svelte: 3.38.2

packages:

  /prettier-plugin-svelte/2.3.0_prettier@2.3.1+svelte@3.38.2:
    resolution: {integrity: sha512-HTzXvSq7lWFuLsSaxYOUkGkVNCl3RrSjDCOgQjkBX5FQGmWjL8o3IFACSGhjPMMfWKADpapAr0zdbBWkND9mqw==}
    peerDependencies:
      prettier: ^1.16.4 || ^2.0.0
      svelte: ^3.2.0
    dependencies:
      prettier: 2.3.1
      svelte: 3.38.2
    dev: false

  /prettier/2.3.1:
    resolution: {integrity: sha512-p+vNbgpLjif/+D+DwAZAbndtRrR0md0MwfmOVN9N+2RgyACMT+7tfaRnT+WDPkqnuVwleyuBIG2XBxKDme3hPA==}
    engines: {node: '>=10.13.0'}
    hasBin: true
    dev: false

  /svelte/3.38.2:
    resolution: {integrity: sha512-q5Dq0/QHh4BLJyEVWGe7Cej5NWs040LWjMbicBGZ+3qpFWJ1YObRmUDZKbbovddLC9WW7THTj3kYbTOFmU9fbg==}
    engines: {node: '>= 8'}
    dev: false
